
Microsoft Visual Studio Solution File, Format Version 12.00
# Visual Studio Version 16
VisualStudioVersion = 16.0.31613.86
MinimumVisualStudioVersion = 10.0.40219.1
Project("{FAE04EC0-301F-11D3-BF4B-00C04F79EFBC}") = "USBReader", "USBReader.csproj", "{7E35071A-215E-4163-AD96-386116DFAF8E}"
EndProject
Global
	GlobalSection(SolutionConfigurationPlatforms) = preSolution
		Debug|Any CPU = Debug|Any CPU
		Release|Any CPU = Release|Any CPU
	EndGlobalSection
	GlobalSection(ProjectConfigurationPlatforms) = postSolution
		{7E35071A-215E-4163-AD96-386116DFAF8E}.Debug|Any CPU.ActiveCfg = Debug|Any CPU
		{7E35071A-215E-4163-AD96-386116DFAF8E}.Debug|Any CPU.Build.0 = Debug|Any CPU
		{7E35071A-215E-4163-AD96-386116DFAF8E}.Release|Any CPU.ActiveCfg = Release|Any CPU
		{7E35071A-215E-4163-AD96-386116DFAF8E}.Release|Any CPU.Build.0 = Release|Any CPU
	EndGlobalSection
	GlobalSection(SolutionProperties) = preSolution
		HideSolutionNode = FALSE
	EndGlobalSection
	GlobalSection(ExtensibilityGlobals) = postSolution
		SolutionGuid = {558A1D2F-F59C-493F-B362-9DEE6FFB563B}
	EndGlobalSection
EndGlobal
